// !$*UTF8*$!
{
	archiveVersion = 1;
	classes = {
	};
	objectVersion = 50;
	objects = {

/* Begin PBXBuildFile section */
		92119B1523DB1B8F0023B26E /* AppDelegate.swift in Sources */ = {isa = PBXBuildFile; fileRef = 92119B1423DB1B8F0023B26E /* AppDelegate.swift */; };
		92119B1723DB1B8F0023B26E /* RecordSoundViewController.swift in Sources */ = {isa = PBXBuildFile; fileRef = 92119B1623DB1B8F0023B26E /* RecordSoundViewController.swift */; };
		92119B1A23DB1B8F0023B26E /* Main.storyboard in Resources */ = {isa = PBXBuildFile; fileRef = 92119B1823DB1B8F0023B26E /* Main.storyboard */; };
		92119B1C23DB1B900023B26E /* Assets.xcassets in Resources */ = {isa = PBXBuildFile; fileRef = 92119B1B23DB1B900023B26E /* Assets.xcassets */; };
		92119B1F23DB1B900023B26E /* LaunchScreen.storyboard in Resources */ = {isa = PBXBuildFile; fileRef = 92119B1D23DB1B900023B26E /* LaunchScreen.storyboard */; };
		92119B2A23DB1B900023B26E /* PitchPerfectTests.swift in Sources */ = {isa = PBXBuildFile; fileRef = 92119B2923DB1B900023B26E /* PitchPerfectTests.swift */; };
		92119B3523DB1B900023B26E /* PitchPerfectUITests.swift in Sources */ = {isa = PBXBuildFile; fileRef = 92119B3423DB1B900023B26E /* PitchPerfectUITests.swift */; };
		92A7365123DEBC1500BA7009 /* PlaySoundViewController.swift in Sources */ = {isa = PBXBuildFile; fileRef = 92A7365023DEBC1500BA7009 /* PlaySoundViewController.swift */; };
/* End PBXBuildFile section */

/* Begin PBXContainerItemProxy section */
		92119B2623DB1B900023B26E /* PBXContainerItemProxy */ = {
			isa = PBXContainerItemProxy;
			containerPortal = 92119B0923DB1B8E0023B26E /* Project object */;
			proxyType = 1;
			remoteGlobalIDString = 92119B1023DB1B8E0023B26E;
			remoteInfo = PitchPerfect;
		};
		92119B3123DB1B900023B26E /* PBXContainerItemProxy */ = {
			isa = PBXContainerItemProxy;
			containerPortal = 92119B0923DB1B8E0023B26E /* Project object */;
			proxyType = 1;
			remoteGlobalIDString = 92119B1023DB1B8E0023B26E;
			remoteInfo = PitchPerfect;
		};
/* End PBXContainerItemProxy section */

/* Begin PBXFileReference section */
		92119B1123DB1B8F0023B26E /* PitchPerfect.app */ = {isa = PBXFileReference; explicitFileType = wrapper.application; includeInIndex = 0; path = PitchPerfect.app; sourceTree = BUILT_PRODUCTS_DIR; };
		92119B1423DB1B8F0023B26E /* AppDelegate.swift */ = {isa = PBXFileReference; lastKnownFileType = sourcecode.swift; path = AppDelegate.swift; sourceTree = "<group>"; };
		92119B1623DB1B8F0023B26E /* RecordSoundViewController.swift */ = {isa = PBXFileReference; lastKnownFileType = sourcecode.swift; path = RecordSoundViewController.swift; sourceTree = "<group>"; };
		92119B1923DB1B8F0023B26E /* Base */ = {isa = PBXFileReference; lastKnownFileType = file.storyboard; name = Base; path = Base.lproj/Main.storyboard; sourceTree = "<group>"; };
		92119B1B23DB1B900023B26E /* Assets.xcassets */ = {isa = PBXFileReference; lastKnownFileType = folder.assetcatalog; path = Assets.xcassets; sourceTree = "<group>"; };
		92119B1E23DB1B900023B26E /* Base */ = {isa = PBXFileReference; lastKnownFileType = file.storyboard; name = Base; path = Base.lproj/LaunchScreen.storyboard; sourceTree = "<group>"; };
		92119B2023DB1B900023B26E /* Info.plist */ = {isa = PBXFileReference; lastKnownFileType = text.plist.xml; path = Info.plist; sourceTree = "<group>"; };
		92119B2523DB1B900023B26E /* PitchPerfectTests.xctest */ = {isa = PBXFileReference; explicitFileType = wrapper.cfbundle; includeInIndex = 0; path = PitchPerfectTests.xctest; sourceTree = BUILT_PRODUCTS_DIR; };
		92119B2923DB1B900023B26E /* PitchPerfectTests.swift */ = {isa = PBXFileReference; lastKnownFileType = sourcecode.swift; path = PitchPerfectTests.swift; sourceTree = "<group>"; };
		92119B2B23DB1B900023B26E /* Info.plist */ = {isa = PBXFileReference; lastKnownFileType = text.plist.xml; path = Info.plist; sourceTree = "<group>"; };
		92119B3023DB1B900023B26E /* PitchPerfectUITests.xctest */ = {isa = PBXFileReference; explicitFileType = wrapper.cfbundle; includeInIndex = 0; path = PitchPerfectUITests.xctest; sourceTree = BUILT_PRODUCTS_DIR; };
		92119B3423DB1B900023B26E /* PitchPerfectUITests.swift */ = {isa = PBXFileReference; lastKnownFileType = sourcecode.swift; path = PitchPerfectUITests.swift; sourceTree = "<group>"; };
		92119B3623DB1B900023B26E /* Info.plist */ = {isa = PBXFileReference; lastKnownFileType = text.plist.xml; path = Info.plist; sourceTree = "<group>"; };
		92A7365023DEBC1500BA7009 /* PlaySoundViewController.swift */ = {isa = PBXFileReference; lastKnownFileType = sourcecode.swift; path = PlaySoundViewController.swift; sourceTree = "<group>"; };
/* End PBXFileReference section */

/* Begin PBXFrameworksBuildPhase section */
		92119B0E23DB1B8E0023B26E /* Frameworks */ = {
			isa = PBXFrameworksBuildPhase;
			buildActionMask = 2147483647;
			files = (
			);
			runOnlyForDeploymentPostprocessing = 0;
		};
		92119B2223DB1B900023B26E /* Frameworks */ = {
			isa = PBXFrameworksBuildPhase;
			buildActionMask = 2147483647;
			files = (
			);
			runOnlyForDeploymentPostprocessing = 0;
		};
		92119B2D23DB1B900023B26E /* Frameworks */ = {
			isa = PBXFrameworksBuildPhase;
			buildActionMask = 2147483647;
			files = (
			);
			runOnlyForDeploymentPostprocessing = 0;
		};
/* End PBXFrameworksBuildPhase section */

/* Begin PBXGroup section */
		92119B0823DB1B8E0023B26E = {
			isa = PBXGroup;
			children = (
				92119B1323DB1B8F0023B26E /* PitchPerfect */,
				92119B2823DB1B900023B26E /* PitchPerfectTests */,
				92119B3323DB1B900023B26E /* PitchPerfectUITests */,
				92119B1223DB1B8F0023B26E /* Products */,
			);
			sourceTree = "<group>";
		};
		92119B1223DB1B8F0023B26E /* Products */ = {
			isa = PBXGroup;
			children = (
				92119B1123DB1B8F0023B26E /* PitchPerfect.app */,
				92119B2523DB1B900023B26E /* PitchPerfectTests.xctest */,
				92119B3023DB1B900023B26E /* PitchPerfectUITests.xctest */,
			);
			name = Products;
			sourceTree = "<group>";
		};
		92119B1323DB1B8F0023B26E /* PitchPerfect */ = {
			isa = PBXGroup;
			children = (
				92119B1423DB1B8F0023B26E /* AppDelegate.swift */,
				92119B1623DB1B8F0023B26E /* RecordSoundViewController.swift */,
				92A7365023DEBC1500BA7009 /* PlaySoundViewController.swift */,
				92119B1823DB1B8F0023B26E /* Main.storyboard */,
				92119B1B23DB1B900023B26E /* Assets.xcassets */,
				92119B1D23DB1B900023B26E /* LaunchScreen.storyboard */,
				92119B2023DB1B900023B26E /* Info.plist */,
			);
			path = PitchPerfect;
			sourceTree = "<group>";
		};
		92119B2823DB1B900023B26E /* PitchPerfectTests */ = {
			isa = PBXGroup;
			children = (
				92119B2923DB1B900023B26E /* PitchPerfectTests.swift */,
				92119B2B23DB1B900023B26E /* Info.plist */,
			);
			path = PitchPerfectTests;
			sourceTree = "<group>";
		};
		92119B3323DB1B900023B26E /* PitchPerfectUITests */ = {
			isa = PBXGroup;
			children = (
				92119B3423DB1B900023B26E /* PitchPerfectUITests.swift */,
				92119B3623DB1B900023B26E /* Info.plist */,
			);
			path = PitchPerfectUITests;
			sourceTree = "<group>";
		};
/* End PBXGroup section */

/* Begin PBXNativeTarget section */
		92119B1023DB1B8E0023B26E /* PitchPerfect */ = {
			isa = PBXNativeTarget;
			buildConfigurationList = 92119B3923DB1B900023B26E /* Build configuration list for PBXNativeTarget "PitchPerfect" */;
			buildPhases = (
				92119B0D23DB1B8E0023B26E /* Sources */,
				92119B0E23DB1B8E0023B26E /* Frameworks */,
				92119B0F23DB1B8E0023B26E /* Resources */,
			);
			buildRules = (
			);
			dependencies = (
			);
			name = PitchPerfect;
			productName = PitchPerfect;
			productReference = 92119B1123DB1B8F0023B26E /* PitchPerfect.app */;
			productType = "com.apple.product-type.application";
		};
		92119B2423DB1B900023B26E /* PitchPerfectTests */ = {
			isa = PBXNativeTarget;
			buildConfigurationList = 92119B3C23DB1B900023B26E /* Build configuration list for PBXNativeTarget "PitchPerfectTests" */;
			buildPhases = (
				92119B2123DB1B900023B26E /* Sources */,
				92119B2223DB1B900023B26E /* Frameworks */,
				92119B2323DB1B900023B26E /* Resources */,
			);
			buildRules = (
			);
			dependencies = (
				92119B2723DB1B900023B26E /* PBXTargetDependency */,
			);
			name = PitchPerfectTests;
			productName = PitchPerfectTests;
			productReference = 92119B2523DB1B900023B26E /* PitchPerfectTests.xctest */;
			productType = "com.apple.product-type.bundle.unit-test";
		};
		92119B2F23DB1B900023B26E /* PitchPerfectUITests */ = {
			isa = PBXNativeTarget;
			buildConfigurationList = 92119B3F23DB1B900023B26E /* Build configuration list for PBXNativeTarget "PitchPerfectUITests" */;
			buildPhases = (
				92119B2C23DB1B900023B26E /* Sources */,
				92119B2D23DB1B900023B26E /* Frameworks */,
				92119B2E23DB1B900023B26E /* Resources */,
			);
			buildRules = (
			);
			dependencies = (
				92119B3223DB1B900023B26E /* PBXTargetDependency */,
			);
			name = PitchPerfectUITests;
			productName = PitchPerfectUITests;
			productReference = 92119B3023DB1B900023B26E /* PitchPerfectUITests.xctest */;
			productType = "com.apple.product-type.bundle.ui-testing";
		};
/* End PBXNativeTarget section */

/* Begin PBXProject section */
		92119B0923DB1B8E0023B26E /* Project object */ = {
			isa = PBXProject;
			attributes = {
				LastSwiftUpdateCheck = 1030;
				LastUpgradeCheck = 1030;
				ORGANIZATIONNAME = "Sarim Khan";
				TargetAttributes = {
					92119B1023DB1B8E0023B26E = {
						CreatedOnToolsVersion = 10.3;
					};
					92119B2423DB1B900023B26E = {
						CreatedOnToolsVersion = 10.3;
						TestTargetID = 92119B1023DB1B8E0023B26E;
					};
					92119B2F23DB1B900023B26E = {
						CreatedOnToolsVersion = 10.3;
						TestTargetID = 92119B1023DB1B8E0023B26E;
					};
				};
			};
			buildConfigurationList = 92119B0C23DB1B8E0023B26E /* Build configuration list for PBXProject "PitchPerfect" */;
			compatibilityVersion = "Xcode 9.3";
			developmentRegion = en;
			hasScannedForEncodings = 0;
			knownRegions = (
				en,
				Base,
			);
			mainGroup = 92119B0823DB1B8E0023B26E;
			productRefGroup = 92119B1223DB1B8F0023B26E /* Products */;
			projectDirPath = "";
			projectRoot = "";
			targets = (
				92119B1023DB1B8E0023B26E /* PitchPerfect */,
				92119B2423DB1B900023B26E /* PitchPerfectTests */,
				92119B2F23DB1B900023B26E /* PitchPerfectUITests */,
			);
		};
/* End PBXProject section */

/* Begin PBXResourcesBuildPhase section */
		92119B0F23DB1B8E0023B26E /* Resources */ = {
			isa = PBXResourcesBuildPhase;
			buildActionMask = 2147483647;
			files = (
				92119B1F23DB1B900023B26E /* LaunchScreen.storyboard in Resources */,
				92119B1C23DB1B900023B26E /* Assets.xcassets in Resources */,
				92119B1A23DB1B8F0023B26E /* Main.storyboard in Resources */,
			);
			runOnlyForDeploymentPostprocessing = 0;
		};
		92119B2323DB1B900023B26E /* Resources */ = {
			isa = PBXResourcesBuildPhase;
			buildActionMask = 2147483647;
			files = (
			);
			runOnlyForDeploymentPostprocessing = 0;
		};
		92119B2E23DB1B900023B26E /* Resources */ = {
			isa = PBXResourcesBuildPhase;
			buildActionMask = 2147483647;
			files = (
			);
			runOnlyForDeploymentPostprocessing = 0;
		};
/* End PBXResourcesBuildPhase section */

/* Begin PBXSourcesBuildPhase section */
		92119B0D23DB1B8E0023B26E /* Sources */ = {
			isa = PBXSourcesBuildPhase;
			buildActionMask = 2147483647;
			files = (
				92119B1723DB1B8F0023B26E /* RecordSoundViewController.swift in Sources */,
				92A7365123DEBC1500BA7009 /* PlaySoundViewController.swift in Sources */,
				92119B1523DB1B8F0023B26E /* AppDelegate.swift in Sources */,
			);
			runOnlyForDeploymentPostprocessing = 0;
		};
		92119B2123DB1B900023B26E /* Sources */ = {
			isa = PBXSourcesBuildPhase;
			buildActionMask = 2147483647;
			files = (
				92119B2A23DB1B900023B26E /* PitchPerfectTests.swift in Sources */,
			);
			runOnlyForDeploymentPostprocessing = 0;
		};
		92119B2C23DB1B900023B26E /* Sources */ = {
			isa = PBXSourcesBuildPhase;
			buildActionMask = 2147483647;
			files = (
				92119B3523DB1B900023B26E /* PitchPerfectUITests.swift in Sources */,
			);
			runOnlyForDeploymentPostprocessing = 0;
		};
/* End PBXSourcesBuildPhase section */

/* Begin PBXTargetDependency section */
		92119B2723DB1B900023B26E /* PBXTargetDependency */ = {
			isa = PBXTargetDependency;
			target = 92119B1023DB1B8E0023B26E /* PitchPerfect */;
			targetProxy = 92119B2623DB1B900023B26E /* PBXContainerItemProxy */;
		};
		92119B3223DB1B900023B26E /* PBXTargetDependency */ = {
			isa = PBXTargetDependency;
			target = 92119B1023DB1B8E0023B26E /* PitchPerfect */;
			targetProxy = 92119B3123DB1B900023B26E /* PBXContainerItemProxy */;
		};
/* End PBXTargetDependency section */

/* Begin PBXVariantGroup section */
		92119B1823DB1B8F0023B26E /* Main.storyboard */ = {
			isa = PBXVariantGroup;
			children = (
				92119B1923DB1B8F0023B26E /* Base */,
			);
			name = Main.storyboard;
			sourceTree = "<group>";
		};
		92119B1D23DB1B900023B26E /* LaunchScreen.storyboard */ = {
			isa = PBXVariantGroup;
			children = (
				92119B1E23DB1B900023B26E /* Base */,
			);
			name = LaunchScreen.storyboard;
			sourceTree = "<group>";
		};
/* End PBXVariantGroup section */

/* Begin XCBuildConfiguration section */
		92119B3723DB1B900023B26E /* Debug */ = {
			isa = XCBuildConfiguration;
			buildSettings = {
				ALWAYS_SEARCH_USER_PATHS = NO;
				CLANG_ANALYZER_NONNULL = YES;
				CLANG_ANALYZER_NUMBER_OBJECT_CONVERSION = YES_AGGRESSIVE;
				CLANG_CXX_LANGUAGE_STANDARD = "gnu++14";
				CLANG_CXX_LIBRARY = "libc++";
				CLANG_ENABLE_MODULES = YES;
				CLANG_ENABLE_OBJC_ARC = YES;
				CLANG_ENABLE_OBJC_WEAK = YES;
				CLANG_WARN_BLOCK_CAPTURE_AUTORELEASING = YES;
				CLANG_WARN_BOOL_CONVERSION = YES;
				CLANG_WARN_COMMA = YES;
				CLANG_WARN_CONSTANT_CONVERSION = YES;
				CLANG_WARN_DEPRECATED_OBJC_IMPLEMENTATIONS = YES;
				CLANG_WARN_DIRECT_OBJC_ISA_USAGE = YES_ERROR;
				CLANG_WARN_DOCUMENTATION_COMMENTS = YES;
				CLANG_WARN_EMPTY_BODY = YES;
				CLANG_WARN_ENUM_CONVERSION = YES;
				CLANG_WARN_INFINITE_RECURSION = YES;
				CLANG_WARN_INT_CONVERSION = YES;
				CLANG_WARN_NON_LITERAL_NULL_CONVERSION = YES;
				CLANG_WARN_OBJC_IMPLICIT_RETAIN_SELF = YES;
				CLANG_WARN_OBJC_LITERAL_CONVERSION = YES;
				CLANG_WARN_OBJC_ROOT_CLASS = YES_ERROR;
				CLANG_WARN_RANGE_LOOP_ANALYSIS = YES;
				CLANG_WARN_STRICT_PROTOTYPES = YES;
				CLANG_WARN_SUSPICIOUS_MOVE = YES;
				CLANG_WARN_UNGUARDED_AVAILABILITY = YES_AGGRESSIVE;
				CLANG_WARN_UNREACHABLE_CODE = YES;
				CLANG_WARN__DUPLICATE_METHOD_MATCH = YES;
				CODE_SIGN_IDENTITY = "iPhone Developer";
				COPY_PHASE_STRIP = NO;
				DEBUG_INFORMATION_FORMAT = dwarf;
				ENABLE_STRICT_OBJC_MSGSEND = YES;
				ENABLE_TESTABILITY = YES;
				GCC_C_LANGUAGE_STANDARD = gnu11;
				GCC_DYNAMIC_NO_PIC = NO;
				GCC_NO_COMMON_BLOCKS = YES;
				GCC_OPTIMIZATION_LEVEL = 0;
				GCC_PREPROCESSOR_DEFINITIONS = (
					"DEBUG=1",
					"$(inherited)",
				);
				GCC_WARN_64_TO_32_BIT_CONVERSION = YES;
				GCC_WARN_ABOUT_RETURN_TYPE = YES_ERROR;
				GCC_WARN_UNDECLARED_SELECTOR = YES;
				GCC_WARN_UNINITIALIZED_AUTOS = YES_AGGRESSIVE;
				GCC_WARN_UNUSED_FUNCTION = YES;
				GCC_WARN_UNUSED_VARIABLE = YES;
				IPHONEOS_DEPLOYMENT_TARGET = 12.4;
				MTL_ENABLE_DEBUG_INFO = INCLUDE_SOURCE;
				MTL_FAST_MATH = YES;
				ONLY_ACTIVE_ARCH = YES;
				SDKROOT = iphoneos;
				SWIFT_ACTIVE_COMPILATION_CONDITIONS = DEBUG;
				SWIFT_OPTIMIZATION_LEVEL = "-Onone";
			};
			name = Debug;
		};
		92119B3823DB1B900023B26E /* Release */ = {
			isa = XCBuildConfiguration;
			buildSettings = {
				ALWAYS_SEARCH_USER_PATHS = NO;
				CLANG_ANALYZER_NONNULL = YES;
				CLANG_ANALYZER_NUMBER_OBJECT_CONVERSION = YES_AGGRESSIVE;
				CLANG_CXX_LANGUAGE_STANDARD = "gnu++14";
				CLANG_CXX_LIBRARY = "libc++";
				CLANG_ENABLE_MODULES = YES;
				CLANG_ENABLE_OBJC_ARC = YES;
				CLANG_ENABLE_OBJC_WEAK = YES;
				CLANG_WARN_BLOCK_CAPTURE_AUTORELEASING = YES;
				CLANG_WARN_BOOL_CONVERSION = YES;
				CLANG_WARN_COMMA = YES;
				CLANG_WARN_CONSTANT_CONVERSION = YES;
				CLANG_WARN_DEPRECATED_OBJC_IMPLEMENTATIONS = YES;
				CLANG_WARN_DIRECT_OBJC_ISA_USAGE = YES_ERROR;
				CLANG_WARN_DOCUMENTATION_COMMENTS = YES;
				CLANG_WARN_EMPTY_BODY = YES;
				CLANG_WARN_ENUM_CONVERSION = YES;
				CLANG_WARN_INFINITE_RECURSION = YES;
				CLANG_WARN_INT_CONVERSION = YES;
				CLANG_WARN_NON_LITERAL_NULL_CONVERSION = YES;
				CLANG_WARN_OBJC_IMPLICIT_RETAIN_SELF = YES;
				CLANG_WARN_OBJC_LITERAL_CONVERSION = YES;
				CLANG_WARN_OBJC_ROOT_CLASS = YES_ERROR;
				CLANG_WARN_RANGE_LOOP_ANALYSIS = YES;
				CLANG_WARN_STRICT_PROTOTYPES = YES;
				CLANG_WARN_SUSPICIOUS_MOVE = YES;
				CLANG_WARN_UNGUARDED_AVAILABILITY = YES_AGGRESSIVE;
				CLANG_WARN_UNREACHABLE_CODE = YES;
				CLANG_WARN__DUPLICATE_METHOD_MATCH = YES;
				CODE_SIGN_IDENTITY = "iPhone Developer";
				COPY_PHASE_STRIP = NO;
				DEBUG_INFORMATION_FORMAT = "dwarf-with-dsym";
				ENABLE_NS_ASSERTIONS = NO;
				ENABLE_STRICT_OBJC_MSGSEND = YES;
				GCC_C_LANGUAGE_STANDARD = gnu11;
				GCC_NO_COMMON_BLOCKS = YES;
				GCC_WARN_64_TO_32_BIT_CONVERSION = YES;
				GCC_WARN_ABOUT_RETURN_TYPE = YES_ERROR;
				GCC_WARN_UNDECLARED_SELECTOR = YES;
				GCC_WARN_UNINITIALIZED_AUTOS = YES_AGGRESSIVE;
				GCC_WARN_UNUSED_FUNCTION = YES;
				GCC_WARN_UNUSED_VARIABLE = YES;
				IPHONEOS_DEPLOYMENT_TARGET = 12.4;
				MTL_ENABLE_DEBUG_INFO = NO;
				MTL_FAST_MATH = YES;
				SDKROOT = iphoneos;
				SWIFT_COMPILATION_MODE = wholemodule;
				SWIFT_OPTIMIZATION_LEVEL = "-O";
				VALIDATE_PRODUCT = YES;
			};
			name = Release;
		};
		92119B3A23DB1B900023B26E /* Debug */ = {
			isa = XCBuildConfiguration;
			buildSettings = {
				ASSETCATALOG_COMPILER_APPICON_NAME = AppIcon;
				CODE_SIGN_STYLE = Automatic;
				INFOPLIST_FILE = PitchPerfect/Info.plist;
				LD_RUNPATH_SEARCH_PATHS = (
					"$(inherited)",
					"@executable_path/Frameworks",
				);
				PRODUCT_BUNDLE_IDENTIFIER = com.pizza.PitchPerfect;
				PRODUCT_NAME = "$(TARGET_NAME)";
				SWIFT_VERSION = 5.0;
				TARGETED_DEVICE_FAMILY = "1,2";
			};
			name = Debug;
		};
		92119B3B23DB1B900023B26E /* Release */ = {
			isa = XCBuildConfiguration;
			buildSettings = {
				ASSETCATALOG_COMPILER_APPICON_NAME = AppIcon;
				CODE_SIGN_STYLE = Automatic;
				INFOPLIST_FILE = PitchPerfect/Info.plist;
				LD_RUNPATH_SEARCH_PATHS = (
					"$(inherited)",
					"@executable_path/Frameworks",
				);
				PRODUCT_BUNDLE_IDENTIFIER = com.pizza.PitchPerfect;
				PRODUCT_NAME = "$(TARGET_NAME)";
				SWIFT_VERSION = 5.0;
				TARGETED_DEVICE_FAMILY = "1,2";
			};
			name = Release;
		};
		92119B3D23DB1B900023B26E /* Debug */ = {
			isa = XCBuildConfiguration;
			buildSettings = {
				ALWAYS_EMBED_SWIFT_STANDARD_LIBRARIES = YES;
				BUNDLE_LOADER = "$(TEST_HOST)";
				CODE_SIGN_STYLE = Automatic;
				INFOPLIST_FILE = PitchPerfectTests/Info.plist;
				LD_RUNPATH_SEARCH_PATHS = (
					"$(inherited)",
					"@executable_path/Frameworks",
					"@loader_path/Frameworks",
				);
				PRODUCT_BUNDLE_IDENTIFIER = com.pizza.PitchPerfectTests;
				PRODUCT_NAME = "$(TARGET_NAME)";
				SWIFT_VERSION = 5.0;
				TARGETED_DEVICE_FAMILY = "1,2";
				TEST_HOST = "$(BUILT_PRODUCTS_DIR)/PitchPerfect.app/PitchPerfect";
			};
			name = Debug;
		};
		92119B3E23DB1B900023B26E /* Release */ = {
			isa = XCBuildConfiguration;
			buildSettings = {
				ALWAYS_EMBED_SWIFT_STANDARD_LIBRARIES = YES;
				BUNDLE_LOADER = "$(TEST_HOST)";
				CODE_SIGN_STYLE = Automatic;
				INFOPLIST_FILE = PitchPerfectTests/Info.plist;
				LD_RUNPATH_SEARCH_PATHS = (
					"$(inherited)",
					"@executable_path/Frameworks",
					"@loader_path/Frameworks",
				);
				PRODUCT_BUNDLE_IDENTIFIER = com.pizza.PitchPerfectTests;
				PRODUCT_NAME = "$(TARGET_NAME)";
				SWIFT_VERSION = 5.0;
				TARGETED_DEVICE_FAMILY = "1,2";
				TEST_HOST = "$(BUILT_PRODUCTS_DIR)/PitchPerfect.app/PitchPerfect";
			};
			name = Release;
		};
		92119B4023DB1B900023B26E /* Debug */ = {
			isa = XCBuildConfiguration;
			buildSettings = {
				ALWAYS_EMBED_SWIFT_STANDARD_LIBRARIES = YES;
				CODE_SIGN_STYLE = Automatic;
				INFOPLIST_FILE = PitchPerfectUITests/Info.plist;
				LD_RUNPATH_SEARCH_PATHS = (
					"$(inherited)",
					"@executable_path/Frameworks",
					"@loader_path/Frameworks",
				);
				PRODUCT_BUNDLE_IDENTIFIER = com.pizza.PitchPerfectUITests;
				PRODUCT_NAME = "$(TARGET_NAME)";
				SWIFT_VERSION = 5.0;
				TARGETED_DEVICE_FAMILY = "1,2";
				TEST_TARGET_NAME = PitchPerfect;
			};
			name = Debug;
		};
		92119B4123DB1B900023B26E /* Release */ = {
			isa = XCBuildConfiguration;
			buildSettings = {
				ALWAYS_EMBED_SWIFT_STANDARD_LIBRARIES = YES;
				CODE_SIGN_STYLE = Automatic;
				INFOPLIST_FILE = PitchPerfectUITests/Info.plist;
				LD_RUNPATH_SEARCH_PATHS = (
					"$(inherited)",
					"@executable_path/Frameworks",
					"@loader_path/Frameworks",
				);
				PRODUCT_BUNDLE_IDENTIFIER = com.pizza.PitchPerfectUITests;
				PRODUCT_NAME = "$(TARGET_NAME)";
				SWIFT_VERSION = 5.0;
				TARGETED_DEVICE_FAMILY = "1,2";
				TEST_TARGET_NAME = PitchPerfect;
			};
			name = Release;
		};
/* End XCBuildConfiguration section */

/* Begin XCConfigurationList section */
		92119B0C23DB1B8E0023B26E /* Build configuration list for PBXProject "PitchPerfect" */ = {
			isa = XCConfigurationList;
			buildConfigurations = (
				92119B3723DB1B900023B26E /* Debug */,
				92119B3823DB1B900023B26E /* Release */,
			);
			defaultConfigurationIsVisible = 0;
			defaultConfigurationName = Release;
		};
		92119B3923DB1B900023B26E /* Build configuration list for PBXNativeTarget "PitchPerfect" */ = {
			isa = XCConfigurationList;
			buildConfigurations = (
				92119B3A23DB1B900023B26E /* Debug */,
				92119B3B23DB1B900023B26E /* Release */,
			);
			defaultConfigurationIsVisible = 0;
			defaultConfigurationName = Release;
		};
		92119B3C23DB1B900023B26E /* Build configuration list for PBXNativeTarget "PitchPerfectTests" */ = {
			isa = XCConfigurationList;
			buildConfigurations = (
				92119B3D23DB1B900023B26E /* Debug */,
				92119B3E23DB1B900023B26E /* Release */,
			);
			defaultConfigurationIsVisible = 0;
			defaultConfigurationName = Release;
		};
		92119B3F23DB1B900023B26E /* Build configuration list for PBXNativeTarget "PitchPerfectUITests" */ = {
			isa = XCConfigurationList;
			buildConfigurations = (
				92119B4023DB1B900023B26E /* Debug */,
				92119B4123DB1B900023B26E /* Release */,
			);
			defaultConfigurationIsVisible = 0;
			defaultConfigurationName = Release;
		};
/* End XCConfigurationList section */
	};
	rootObject = 92119B0923DB1B8E0023B26E /* Project object */;
}
